
Microsoft Visual Studio Solution File, Format Version 12.00
# Visual Studio 2013
VisualStudioVersion = 12.0.31101.0
MinimumVisualStudioVersion = 10.0.40219.1
Project("{FAE04EC0-301F-11D3-BF4B-00C04F79EFBC}") = "Concordion.Test", "Concordion.Test\Concordion.Test.csproj", "{1FB3D6CF-AE3E-4EF6-9AA7-324AE600A932}"
EndProject
Project("{FAE04EC0-301F-11D3-BF4B-00C04F79EFBC}") = "Concordion.Spec", "Concordion.Spec\Concordion.Spec.csproj", "{56F38030-7A94-4E5C-AE67-F5E8E94056D6}"
EndProject
Project("{FAE04EC0-301F-11D3-BF4B-00C04F79EFBC}") = "Concordion.NUnit", "Concordion.NUnit\Concordion.NUnit.csproj", "{FB522DBB-6F64-4834-9C87-029389AA0ABB}"
EndProject
Project("{FAE04EC0-301F-11D3-BF4B-00C04F79EFBC}") = "Concordion.Runners", "Concordion.Runners\Concordion.Runners.csproj", "{C57B6220-6CE6-4165-9144-214BE62CE074}"
EndProject
Project("{FAE04EC0-301F-11D3-BF4B-00C04F79EFBC}") = "Concordion.NET", "Concordion.NET\Concordion.NET.csproj", "{28A6B922-39B7-4703-ABCC-103352537EF2}"
EndProject
Project("{FAE04EC0-301F-11D3-BF4B-00C04F79EFBC}") = "XOM.Adapter", "XOM.Adapter\XOM.Adapter.csproj", "{7E03E1C4-DA4D-4216-9A86-11E49E648DD3}"
EndProject
Project("{FAE04EC0-301F-11D3-BF4B-00C04F79EFBC}") = "Concordion.Runners.Spec", "Concordion.Runners.Spec\Concordion.Runners.Spec.csproj", "{B8F4EC35-D56A-4EFD-8235-E0A03468DED7}"
EndProject
Global
	GlobalSection(SolutionConfigurationPlatforms) = preSolution
		Debug|Any CPU = Debug|Any CPU
		Debug|Mixed Platforms = Debug|Mixed Platforms
		Debug|x86 = Debug|x86
		Release|Any CPU = Release|Any CPU
		Release|Mixed Platforms = Release|Mixed Platforms
		Release|x86 = Release|x86
	EndGlobalSection
	GlobalSection(ProjectConfigurationPlatforms) = postSolution
		{1FB3D6CF-AE3E-4EF6-9AA7-324AE600A932}.Debug|Any CPU.ActiveCfg = Debug|Any CPU
		{1FB3D6CF-AE3E-4EF6-9AA7-324AE600A932}.Debug|Any CPU.Build.0 = Debug|Any CPU
		{1FB3D6CF-AE3E-4EF6-9AA7-324AE600A932}.Debug|Mixed Platforms.ActiveCfg = Debug|Any CPU
		{1FB3D6CF-AE3E-4EF6-9AA7-324AE600A932}.Debug|Mixed Platforms.Build.0 = Debug|Any CPU
		{1FB3D6CF-AE3E-4EF6-9AA7-324AE600A932}.Debug|x86.ActiveCfg = Debug|Any CPU
		{1FB3D6CF-AE3E-4EF6-9AA7-324AE600A932}.Release|Any CPU.ActiveCfg = Release|Any CPU
		{1FB3D6CF-AE3E-4EF6-9AA7-324AE600A932}.Release|Any CPU.Build.0 = Release|Any CPU
		{1FB3D6CF-AE3E-4EF6-9AA7-324AE600A932}.Release|Mixed Platforms.ActiveCfg = Release|Any CPU
		{1FB3D6CF-AE3E-4EF6-9AA7-324AE600A932}.Release|Mixed Platforms.Build.0 = Release|Any CPU
		{1FB3D6CF-AE3E-4EF6-9AA7-324AE600A932}.Release|x86.ActiveCfg = Release|Any CPU
		{56F38030-7A94-4E5C-AE67-F5E8E94056D6}.Debug|Any CPU.ActiveCfg = Debug|Any CPU
		{56F38030-7A94-4E5C-AE67-F5E8E94056D6}.Debug|Any CPU.Build.0 = Debug|Any CPU
		{56F38030-7A94-4E5C-AE67-F5E8E94056D6}.Debug|Mixed Platforms.ActiveCfg = Debug|Any CPU
		{56F38030-7A94-4E5C-AE67-F5E8E94056D6}.Debug|Mixed Platforms.Build.0 = Debug|Any CPU
		{56F38030-7A94-4E5C-AE67-F5E8E94056D6}.Debug|x86.ActiveCfg = Debug|Any CPU
		{56F38030-7A94-4E5C-AE67-F5E8E94056D6}.Release|Any CPU.ActiveCfg = Release|Any CPU
		{56F38030-7A94-4E5C-AE67-F5E8E94056D6}.Release|Any CPU.Build.0 = Release|Any CPU
		{56F38030-7A94-4E5C-AE67-F5E8E94056D6}.Release|Mixed Platforms.ActiveCfg = Release|Any CPU
		{56F38030-7A94-4E5C-AE67-F5E8E94056D6}.Release|Mixed Platforms.Build.0 = Release|Any CPU
		{56F38030-7A94-4E5C-AE67-F5E8E94056D6}.Release|x86.ActiveCfg = Release|Any CPU
		{FB522DBB-6F64-4834-9C87-029389AA0ABB}.Debug|Any CPU.ActiveCfg = Debug|Any CPU
		{FB522DBB-6F64-4834-9C87-029389AA0ABB}.Debug|Any CPU.Build.0 = Debug|Any CPU
		{FB522DBB-6F64-4834-9C87-029389AA0ABB}.Debug|Mixed Platforms.ActiveCfg = Debug|Any CPU
		{FB522DBB-6F64-4834-9C87-029389AA0ABB}.Debug|Mixed Platforms.Build.0 = Debug|Any CPU
		{FB522DBB-6F64-4834-9C87-029389AA0ABB}.Debug|x86.ActiveCfg = Debug|Any CPU
		{FB522DBB-6F64-4834-9C87-029389AA0ABB}.Release|Any CPU.ActiveCfg = Release|Any CPU
		{FB522DBB-6F64-4834-9C87-029389AA0ABB}.Release|Any CPU.Build.0 = Release|Any CPU
		{FB522DBB-6F64-4834-9C87-029389AA0ABB}.Release|Mixed Platforms.ActiveCfg = Release|Any CPU
		{FB522DBB-6F64-4834-9C87-029389AA0ABB}.Release|Mixed Platforms.Build.0 = Release|Any CPU
		{FB522DBB-6F64-4834-9C87-029389AA0ABB}.Release|x86.ActiveCfg = Release|Any CPU
		{C57B6220-6CE6-4165-9144-214BE62CE074}.Debug|Any CPU.ActiveCfg = Debug|Any CPU
		{C57B6220-6CE6-4165-9144-214BE62CE074}.Debug|Any CPU.Build.0 = Debug|Any CPU
		{C57B6220-6CE6-4165-9144-214BE62CE074}.Debug|Mixed Platforms.ActiveCfg = Debug|Any CPU
		{C57B6220-6CE6-4165-9144-214BE62CE074}.Debug|Mixed Platforms.Build.0 = Debug|Any CPU
		{C57B6220-6CE6-4165-9144-214BE62CE074}.Debug|x86.ActiveCfg = Debug|Any CPU
		{C57B6220-6CE6-4165-9144-214BE62CE074}.Release|Any CPU.ActiveCfg = Release|Any CPU
		{C57B6220-6CE6-4165-9144-214BE62CE074}.Release|Any CPU.Build.0 = Release|Any CPU
		{C57B6220-6CE6-4165-9144-214BE62CE074}.Release|Mixed Platforms.ActiveCfg = Release|Any CPU
		{C57B6220-6CE6-4165-9144-214BE62CE074}.Release|Mixed Platforms.Build.0 = Release|Any CPU
		{C57B6220-6CE6-4165-9144-214BE62CE074}.Release|x86.ActiveCfg = Release|Any CPU
		{28A6B922-39B7-4703-ABCC-103352537EF2}.Debug|Any CPU.ActiveCfg = Debug|Any CPU
		{28A6B922-39B7-4703-ABCC-103352537EF2}.Debug|Any CPU.Build.0 = Debug|Any CPU
		{28A6B922-39B7-4703-ABCC-103352537EF2}.Debug|Mixed Platforms.ActiveCfg = Debug|Any CPU
		{28A6B922-39B7-4703-ABCC-103352537EF2}.Debug|Mixed Platforms.Build.0 = Debug|Any CPU
		{28A6B922-39B7-4703-ABCC-103352537EF2}.Debug|x86.ActiveCfg = Debug|Any CPU
		{28A6B922-39B7-4703-ABCC-103352537EF2}.Release|Any CPU.ActiveCfg = Release|Any CPU
		{28A6B922-39B7-4703-ABCC-103352537EF2}.Release|Any CPU.Build.0 = Release|Any CPU
		{28A6B922-39B7-4703-ABCC-103352537EF2}.Release|Mixed Platforms.ActiveCfg = Release|Any CPU
		{28A6B922-39B7-4703-ABCC-103352537EF2}.Release|Mixed Platforms.Build.0 = Release|Any CPU
		{28A6B922-39B7-4703-ABCC-103352537EF2}.Release|x86.ActiveCfg = Release|Any CPU
		{7E03E1C4-DA4D-4216-9A86-11E49E648DD3}.Debug|Any CPU.ActiveCfg = Debug|Any CPU
		{7E03E1C4-DA4D-4216-9A86-11E49E648DD3}.Debug|Any CPU.Build.0 = Debug|Any CPU
		{7E03E1C4-DA4D-4216-9A86-11E49E648DD3}.Debug|Mixed Platforms.ActiveCfg = Debug|Any CPU
		{7E03E1C4-DA4D-4216-9A86-11E49E648DD3}.Debug|Mixed Platforms.Build.0 = Debug|Any CPU
		{7E03E1C4-DA4D-4216-9A86-11E49E648DD3}.Debug|x86.ActiveCfg = Debug|Any CPU
		{7E03E1C4-DA4D-4216-9A86-11E49E648DD3}.Release|Any CPU.ActiveCfg = Release|Any CPU
		{7E03E1C4-DA4D-4216-9A86-11E49E648DD3}.Release|Any CPU.Build.0 = Release|Any CPU
		{7E03E1C4-DA4D-4216-9A86-11E49E648DD3}.Release|Mixed Platforms.ActiveCfg = Release|Any CPU
		{7E03E1C4-DA4D-4216-9A86-11E49E648DD3}.Release|Mixed Platforms.Build.0 = Release|Any CPU
		{7E03E1C4-DA4D-4216-9A86-11E49E648DD3}.Release|x86.ActiveCfg = Release|Any CPU
		{B8F4EC35-D56A-4EFD-8235-E0A03468DED7}.Debug|Any CPU.ActiveCfg = Debug|Any CPU
		{B8F4EC35-D56A-4EFD-8235-E0A03468DED7}.Debug|Any CPU.Build.0 = Debug|Any CPU
		{B8F4EC35-D56A-4EFD-8235-E0A03468DED7}.Debug|Mixed Platforms.ActiveCfg = Debug|Any CPU
		{B8F4EC35-D56A-4EFD-8235-E0A03468DED7}.Debug|Mixed Platforms.Build.0 = Debug|Any CPU
		{B8F4EC35-D56A-4EFD-8235-E0A03468DED7}.Debug|x86.ActiveCfg = Debug|Any CPU
		{B8F4EC35-D56A-4EFD-8235-E0A03468DED7}.Release|Any CPU.ActiveCfg = Release|Any CPU
		{B8F4EC35-D56A-4EFD-8235-E0A03468DED7}.Release|Any CPU.Build.0 = Release|Any CPU
		{B8F4EC35-D56A-4EFD-8235-E0A03468DED7}.Release|Mixed Platforms.ActiveCfg = Release|Any CPU
		{B8F4EC35-D56A-4EFD-8235-E0A03468DED7}.Release|Mixed Platforms.Build.0 = Release|Any CPU
		{B8F4EC35-D56A-4EFD-8235-E0A03468DED7}.Release|x86.ActiveCfg = Release|Any CPU
	EndGlobalSection
	GlobalSection(SolutionProperties) = preSolution
		HideSolutionNode = FALSE
	EndGlobalSection
EndGlobal
